
Microsoft Visual Studio Solution File, Format Version 12.00
# Visual Studio Version 16
VisualStudioVersion = 16.0.30204.135
MinimumVisualStudioVersion = 10.0.40219.1
Project("{FAE04EC0-301F-11D3-BF4B-00C04F79EFBC}") = "ProjetChoixIps", "ProjetChoixIps\ProjetChoixIps.csproj", "{B9B5461F-D532-433B-8757-EAB89B68DE64}"
EndProject
Global
	GlobalSection(SolutionConfigurationPlatforms) = preSolution
		Debug|Any CPU = Debug|Any CPU
		Release|Any CPU = Release|Any CPU
	EndGlobalSection
	GlobalSection(ProjectConfigurationPlatforms) = postSolution
		{B9B5461F-D532-433B-8757-EAB89B68DE64}.Debug|Any CPU.ActiveCfg = Debug|Any CPU
		{B9B5461F-D532-433B-8757-EAB89B68DE64}.Debug|Any CPU.Build.0 = Debug|Any CPU
		{B9B5461F-D532-433B-8757-EAB89B68DE64}.Release|Any CPU.ActiveCfg = Release|Any CPU
		{B9B5461F-D532-433B-8757-EAB89B68DE64}.Release|Any CPU.Build.0 = Release|Any CPU
	EndGlobalSection
	GlobalSection(SolutionProperties) = preSolution
		HideSolutionNode = FALSE
	EndGlobalSection
	GlobalSection(ExtensibilityGlobals) = postSolution
		SolutionGuid = {987ACD3F-616A-40C7-B287-E256B6EB19BB}
	EndGlobalSection
EndGlobal
